<?xml version="1.0" encoding="utf-8"?>
<Project ToolsVersion="4.0" xmlns="http://schemas.microsoft.com/developer/msbuild/2003">
  <ItemGroup>
    <Filter Include="Source code">
      <UniqueIdentifier>{4FC737F1-C7A5-4376-A066-2A32D752A2FF}</UniqueIdentifier>
      <Extensions>cpp;c;cc;cxx;def;odl;idl;hpj;bat;asm;asmx</Extensions>
    </Filter>
    <Filter Include="Source code\Precompiled">
      <UniqueIdentifier>{6497ee41-4d5d-440a-8f76-329dc6bf6f27}</UniqueIdentifier>
    </Filter>
    <Filter Include="Source code\Namespaces">
      <UniqueIdentifier>{101f6592-4a94-48f7-9a67-5a9440a41176}</UniqueIdentifier>
    </Filter>
    <Filter Include="Source code\Classes">
      <UniqueIdentifier>{bfcfc038-f7ad-4855-8af1-5ef70fc8a10d}</UniqueIdentifier>
    </Filter>
    <Filter Include="Headers">
      <UniqueIdentifier>{93995380-89BD-4b04-88EB-625FBE52EBFB}</UniqueIdentifier>
      <Extensions>h;hh;hpp;hxx;hm;inl;inc;xsd</Extensions>
    </Filter>
    <Filter Include="Headers\Namespaces">
      <UniqueIdentifier>{33358bea-a8bb-489c-bd80-cd374c6cafe1}</UniqueIdentifier>
    </Filter>
    <Filter Include="Headers\Precompiled">
      <UniqueIdentifier>{710f81a1-f2bf-4519-9d7e-d0db902ef604}</UniqueIdentifier>
    </Filter>
    <Filter Include="Headers\Classes">
      <UniqueIdentifier>{78813c46-1eb7-4eb0-96f6-36e616d88e24}</UniqueIdentifier>
    </Filter>
  </ItemGroup>
  <ItemGroup>
    <ClInclude Include="game.h">
      <Filter>Headers\Namespaces</Filter>
    </ClInclude>
    <ClInclude Include="gfx.h">
      <Filter>Headers\Namespaces</Filter>
    </ClInclude>
    <ClInclude Include="io.h">
      <Filter>Headers\Namespaces</Filter>
    </ClInclude>
    <ClInclude Include="settings.h">
      <Filter>Headers\Namespaces</Filter>
    </ClInclude>
    <ClInclude Include="stdafx.h">
      <Filter>Headers\Precompiled</Filter>
    </ClInclude>
    <ClInclude Include="Peg.h">
      <Filter>Headers\Classes</Filter>
    </ClInclude>
    <ClInclude Include="board.h">
      <Filter>Headers\Namespaces</Filter>
    </ClInclude>
    <ClInclude Include="BoardUnit.h">
      <Filter>Headers\Classes</Filter>
    </ClInclude>
    <ClInclude Include="Player.h">
      <Filter>Headers\Classes</Filter>
    </ClInclude>
  </ItemGroup>
  <ItemGroup>
    <ClCompile Include="main.cpp">
      <Filter>Source code</Filter>
    </ClCompile>
    <ClCompile Include="stdafx.cpp">
      <Filter>Source code\Precompiled</Filter>
    </ClCompile>
    <ClCompile Include="game.cpp">
      <Filter>Source code\Namespaces</Filter>
    </ClCompile>
    <ClCompile Include="gfx.cpp">
      <Filter>Source code\Namespaces</Filter>
    </ClCompile>
    <ClCompile Include="io.cpp">
      <Filter>Source code\Namespaces</Filter>
    </ClCompile>
    <ClCompile Include="io_linux.cpp">
      <Filter>Source code\Namespaces</Filter>
    </ClCompile>
    <ClCompile Include="io_win32.cpp">
      <Filter>Source code\Namespaces</Filter>
    </ClCompile>
    <ClCompile Include="board.cpp">
      <Filter>Source code\Namespaces</Filter>
    </ClCompile>
    <ClCompile Include="Peg.cpp">
      <Filter>Source code\Classes</Filter>
    </ClCompile>
    <ClCompile Include="Player.cpp">
      <Filter>Source code\Classes</Filter>
    </ClCompile>
  </ItemGroup>
</Project>